
Microsoft Visual Studio Solution File, Format Version 12.00
# Visual Studio 15
VisualStudioVersion = 15.0.28307.1062
MinimumVisualStudioVersion = 10.0.40219.1
Project("{FAE04EC0-301F-11D3-BF4B-00C04F79EFBC}") = "Subtree of another tree", "Subtree of another tree\Subtree of another tree.csproj", "{FB95F8E3-A7A5-444A-A02B-74DD90333621}"
EndProject
Project("{FAE04EC0-301F-11D3-BF4B-00C04F79EFBC}") = "Path Sum", "Path Sum\Path Sum.csproj", "{BE297233-6974-45A4-BCCE-5D3FF720435A}"
EndProject
Project("{FAE04EC0-301F-11D3-BF4B-00C04F79EFBC}") = "Miinmum depth Binary tree", "Miinmum depth Binary tree\Miinmum depth Binary tree.csproj", "{D951FB99-526A-4730-9734-0CD12106C7D9}"
EndProject
Project("{FAE04EC0-301F-11D3-BF4B-00C04F79EFBC}") = "Symmetric Tree", "Symmetric Tree\Symmetric Tree.csproj", "{2AF572F9-BEC6-4360-B180-89FE9DB0F304}"
EndProject
Project("{FAE04EC0-301F-11D3-BF4B-00C04F79EFBC}") = "Maximum depth of binary tree", "Maximum depth of binary tree\Maximum depth of binary tree.csproj", "{3AFBA00F-5CE9-4571-98F5-ED81F8D97CEF}"
EndProject
Project("{FAE04EC0-301F-11D3-BF4B-00C04F79EFBC}") = "Diameter of btree", "Diameter of btree\Diameter of btree.csproj", "{3C5B3937-3B25-420A-929E-873A05A7CA75}"
EndProject
Project("{FAE04EC0-301F-11D3-BF4B-00C04F79EFBC}") = "Same Tree", "Same Tree\Same Tree.csproj", "{9731D337-BE40-461F-A40B-80A02E5C2F95}"
EndProject
Project("{FAE04EC0-301F-11D3-BF4B-00C04F79EFBC}") = "Univalued BTree", "Univalued BTree\Univalued BTree.csproj", "{5346C92D-5C7F-43CF-BFD1-C541FA50B56E}"
EndProject
Project("{FAE04EC0-301F-11D3-BF4B-00C04F79EFBC}") = "Invert a Btree", "Invert a Btree\Invert a Btree.csproj", "{F093ECD3-3BAF-4EEF-B789-3264EC3C4B3F}"
EndProject
Project("{FAE04EC0-301F-11D3-BF4B-00C04F79EFBC}") = "Construct Binary Tree from Preorder and Inorder Traversal", "Construct Binary Tree from Preorder and Inorder Traversal\Construct Binary Tree from Preorder and Inorder Traversal.csproj", "{D81F231E-2ADE-4B5F-9A2D-7BC1AE6B2988}"
EndProject
Project("{2150E333-8FDC-42A3-9474-1A3956D46DE8}") = "Geeks", "Geeks", "{3EFC7A64-7559-4FA1-AA41-F2F8BB8C169F}"
EndProject
Project("{FAE04EC0-301F-11D3-BF4B-00C04F79EFBC}") = "Ttree Traversals", "Ttree Traversals\Ttree Traversals.csproj", "{3F0FB6C7-463E-40AD-9389-DAFEA8AC200F}"
EndProject
Project("{FAE04EC0-301F-11D3-BF4B-00C04F79EFBC}") = "Height of Binary tree", "Height of Binary tree\Height of Binary tree.csproj", "{2F5878BC-FCDF-432F-802A-1330EDDFFC38}"
EndProject
Project("{FAE04EC0-301F-11D3-BF4B-00C04F79EFBC}") = "Print nodes at distance K", "Print nodes at distance K\Print nodes at distance K.csproj", "{C939ACB4-CB8D-46BB-ABAB-C8A812017422}"
EndProject
Project("{FAE04EC0-301F-11D3-BF4B-00C04F79EFBC}") = "Check for Balanced Binary Tree", "Check for Balanced Binary Tree\Check for Balanced Binary Tree.csproj", "{457ABF94-A21F-44F6-9E3C-958498636649}"
EndProject
Project("{FAE04EC0-301F-11D3-BF4B-00C04F79EFBC}") = "Maximum width of Binary Tree", "Maximum width of Binary Tree\Maximum width of Binary Tree.csproj", "{553D5D57-7F77-4BCC-81AB-B3531102BB3B}"
EndProject
Project("{FAE04EC0-301F-11D3-BF4B-00C04F79EFBC}") = "Level order Traversal", "Level order Traversal\Level order Traversal.csproj", "{E7974F50-7DAA-4152-8FAB-7EF91C639E7E}"
EndProject
Project("{FAE04EC0-301F-11D3-BF4B-00C04F79EFBC}") = "Children sum property", "Children sum property\Children sum property.csproj", "{09384894-F2A6-4183-AEA0-C3C73044C18F}"
EndProject
Project("{FAE04EC0-301F-11D3-BF4B-00C04F79EFBC}") = "Print left view of Binary tree", "Print left view of Binary tree\Print left view of Binary tree.csproj", "{79E0AE89-9F3E-41C6-A0CE-DD2A0D3228C3}"
EndProject
Project("{FAE04EC0-301F-11D3-BF4B-00C04F79EFBC}") = "Serialize and Deserialize a Binary Tree", "Serialize and Deserialize a Binary Tree\Serialize and Deserialize a Binary Tree.csproj", "{17A10CBA-8D63-45FE-AF94-181C7E7FB4AF}"
EndProject
Project("{FAE04EC0-301F-11D3-BF4B-00C04F79EFBC}") = "Count nodes in a complete Binary Tree", "Count nodes in a complete Binary Tree\Count nodes in a complete Binary Tree.csproj", "{F7219D7D-61CA-4037-8B2B-5770EBCC5F1E}"
EndProject
Project("{FAE04EC0-301F-11D3-BF4B-00C04F79EFBC}") = "Lowest Common Ancestor of a Binary Search Tree", "Lowest Common Ancestor of a Binary Search Tree\Lowest Common Ancestor of a Binary Search Tree.csproj", "{3CDC70E2-38D2-4F02-B34E-AFC039CC381B}"
EndProject
Project("{FAE04EC0-301F-11D3-BF4B-00C04F79EFBC}") = "Iterative In-order traversal", "Iterative In-order traversal\Iterative In-order traversal.csproj", "{913A5C31-352A-4B41-97FA-1FE9744F9A4F}"
EndProject
Project("{FAE04EC0-301F-11D3-BF4B-00C04F79EFBC}") = "Iterative Pre-order traversal", "Iterative Pre-order traversal\Iterative Pre-order traversal.csproj", "{F6E5A759-3485-4E9D-909E-739C934BEF28}"
EndProject
Global
	GlobalSection(SolutionConfigurationPlatforms) = preSolution
		Debug|Any CPU = Debug|Any CPU
		Release|Any CPU = Release|Any CPU
	EndGlobalSection
	GlobalSection(ProjectConfigurationPlatforms) = postSolution
		{FB95F8E3-A7A5-444A-A02B-74DD90333621}.Debug|Any CPU.ActiveCfg = Debug|Any CPU
		{FB95F8E3-A7A5-444A-A02B-74DD90333621}.Debug|Any CPU.Build.0 = Debug|Any CPU
		{FB95F8E3-A7A5-444A-A02B-74DD90333621}.Release|Any CPU.ActiveCfg = Release|Any CPU
		{FB95F8E3-A7A5-444A-A02B-74DD90333621}.Release|Any CPU.Build.0 = Release|Any CPU
		{BE297233-6974-45A4-BCCE-5D3FF720435A}.Debug|Any CPU.ActiveCfg = Debug|Any CPU
		{BE297233-6974-45A4-BCCE-5D3FF720435A}.Debug|Any CPU.Build.0 = Debug|Any CPU
		{BE297233-6974-45A4-BCCE-5D3FF720435A}.Release|Any CPU.ActiveCfg = Release|Any CPU
		{BE297233-6974-45A4-BCCE-5D3FF720435A}.Release|Any CPU.Build.0 = Release|Any CPU
		{D951FB99-526A-4730-9734-0CD12106C7D9}.Debug|Any CPU.ActiveCfg = Debug|Any CPU
		{D951FB99-526A-4730-9734-0CD12106C7D9}.Debug|Any CPU.Build.0 = Debug|Any CPU
		{D951FB99-526A-4730-9734-0CD12106C7D9}.Release|Any CPU.ActiveCfg = Release|Any CPU
		{D951FB99-526A-4730-9734-0CD12106C7D9}.Release|Any CPU.Build.0 = Release|Any CPU
		{2AF572F9-BEC6-4360-B180-89FE9DB0F304}.Debug|Any CPU.ActiveCfg = Debug|Any CPU
		{2AF572F9-BEC6-4360-B180-89FE9DB0F304}.Debug|Any CPU.Build.0 = Debug|Any CPU
		{2AF572F9-BEC6-4360-B180-89FE9DB0F304}.Release|Any CPU.ActiveCfg = Release|Any CPU
		{2AF572F9-BEC6-4360-B180-89FE9DB0F304}.Release|Any CPU.Build.0 = Release|Any CPU
		{3AFBA00F-5CE9-4571-98F5-ED81F8D97CEF}.Debug|Any CPU.ActiveCfg = Debug|Any CPU
		{3AFBA00F-5CE9-4571-98F5-ED81F8D97CEF}.Debug|Any CPU.Build.0 = Debug|Any CPU
		{3AFBA00F-5CE9-4571-98F5-ED81F8D97CEF}.Release|Any CPU.ActiveCfg = Release|Any CPU
		{3AFBA00F-5CE9-4571-98F5-ED81F8D97CEF}.Release|Any CPU.Build.0 = Release|Any CPU
		{3C5B3937-3B25-420A-929E-873A05A7CA75}.Debug|Any CPU.ActiveCfg = Debug|Any CPU
		{3C5B3937-3B25-420A-929E-873A05A7CA75}.Debug|Any CPU.Build.0 = Debug|Any CPU
		{3C5B3937-3B25-420A-929E-873A05A7CA75}.Release|Any CPU.ActiveCfg = Release|Any CPU
		{3C5B3937-3B25-420A-929E-873A05A7CA75}.Release|Any CPU.Build.0 = Release|Any CPU
		{9731D337-BE40-461F-A40B-80A02E5C2F95}.Debug|Any CPU.ActiveCfg = Debug|Any CPU
		{9731D337-BE40-461F-A40B-80A02E5C2F95}.Debug|Any CPU.Build.0 = Debug|Any CPU
		{9731D337-BE40-461F-A40B-80A02E5C2F95}.Release|Any CPU.ActiveCfg = Release|Any CPU
		{9731D337-BE40-461F-A40B-80A02E5C2F95}.Release|Any CPU.Build.0 = Release|Any CPU
		{5346C92D-5C7F-43CF-BFD1-C541FA50B56E}.Debug|Any CPU.ActiveCfg = Debug|Any CPU
		{5346C92D-5C7F-43CF-BFD1-C541FA50B56E}.Debug|Any CPU.Build.0 = Debug|Any CPU
		{5346C92D-5C7F-43CF-BFD1-C541FA50B56E}.Release|Any CPU.ActiveCfg = Release|Any CPU
		{5346C92D-5C7F-43CF-BFD1-C541FA50B56E}.Release|Any CPU.Build.0 = Release|Any CPU
		{F093ECD3-3BAF-4EEF-B789-3264EC3C4B3F}.Debug|Any CPU.ActiveCfg = Debug|Any CPU
		{F093ECD3-3BAF-4EEF-B789-3264EC3C4B3F}.Debug|Any CPU.Build.0 = Debug|Any CPU
		{F093ECD3-3BAF-4EEF-B789-3264EC3C4B3F}.Release|Any CPU.ActiveCfg = Release|Any CPU
		{F093ECD3-3BAF-4EEF-B789-3264EC3C4B3F}.Release|Any CPU.Build.0 = Release|Any CPU
		{D81F231E-2ADE-4B5F-9A2D-7BC1AE6B2988}.Debug|Any CPU.ActiveCfg = Debug|Any CPU
		{D81F231E-2ADE-4B5F-9A2D-7BC1AE6B2988}.Debug|Any CPU.Build.0 = Debug|Any CPU
		{D81F231E-2ADE-4B5F-9A2D-7BC1AE6B2988}.Release|Any CPU.ActiveCfg = Release|Any CPU
		{D81F231E-2ADE-4B5F-9A2D-7BC1AE6B2988}.Release|Any CPU.Build.0 = Release|Any CPU
		{3F0FB6C7-463E-40AD-9389-DAFEA8AC200F}.Debug|Any CPU.ActiveCfg = Debug|Any CPU
		{3F0FB6C7-463E-40AD-9389-DAFEA8AC200F}.Debug|Any CPU.Build.0 = Debug|Any CPU
		{3F0FB6C7-463E-40AD-9389-DAFEA8AC200F}.Release|Any CPU.ActiveCfg = Release|Any CPU
		{3F0FB6C7-463E-40AD-9389-DAFEA8AC200F}.Release|Any CPU.Build.0 = Release|Any CPU
		{2F5878BC-FCDF-432F-802A-1330EDDFFC38}.Debug|Any CPU.ActiveCfg = Debug|Any CPU
		{2F5878BC-FCDF-432F-802A-1330EDDFFC38}.Debug|Any CPU.Build.0 = Debug|Any CPU
		{2F5878BC-FCDF-432F-802A-1330EDDFFC38}.Release|Any CPU.ActiveCfg = Release|Any CPU
		{2F5878BC-FCDF-432F-802A-1330EDDFFC38}.Release|Any CPU.Build.0 = Release|Any CPU
		{C939ACB4-CB8D-46BB-ABAB-C8A812017422}.Debug|Any CPU.ActiveCfg = Debug|Any CPU
		{C939ACB4-CB8D-46BB-ABAB-C8A812017422}.Debug|Any CPU.Build.0 = Debug|Any CPU
		{C939ACB4-CB8D-46BB-ABAB-C8A812017422}.Release|Any CPU.ActiveCfg = Release|Any CPU
		{C939ACB4-CB8D-46BB-ABAB-C8A812017422}.Release|Any CPU.Build.0 = Release|Any CPU
		{457ABF94-A21F-44F6-9E3C-958498636649}.Debug|Any CPU.ActiveCfg = Debug|Any CPU
		{457ABF94-A21F-44F6-9E3C-958498636649}.Debug|Any CPU.Build.0 = Debug|Any CPU
		{457ABF94-A21F-44F6-9E3C-958498636649}.Release|Any CPU.ActiveCfg = Release|Any CPU
		{457ABF94-A21F-44F6-9E3C-958498636649}.Release|Any CPU.Build.0 = Release|Any CPU
		{553D5D57-7F77-4BCC-81AB-B3531102BB3B}.Debug|Any CPU.ActiveCfg = Debug|Any CPU
		{553D5D57-7F77-4BCC-81AB-B3531102BB3B}.Debug|Any CPU.Build.0 = Debug|Any CPU
		{553D5D57-7F77-4BCC-81AB-B3531102BB3B}.Release|Any CPU.ActiveCfg = Release|Any CPU
		{553D5D57-7F77-4BCC-81AB-B3531102BB3B}.Release|Any CPU.Build.0 = Release|Any CPU
		{E7974F50-7DAA-4152-8FAB-7EF91C639E7E}.Debug|Any CPU.ActiveCfg = Debug|Any CPU
		{E7974F50-7DAA-4152-8FAB-7EF91C639E7E}.Debug|Any CPU.Build.0 = Debug|Any CPU
		{E7974F50-7DAA-4152-8FAB-7EF91C639E7E}.Release|Any CPU.ActiveCfg = Release|Any CPU
		{E7974F50-7DAA-4152-8FAB-7EF91C639E7E}.Release|Any CPU.Build.0 = Release|Any CPU
		{09384894-F2A6-4183-AEA0-C3C73044C18F}.Debug|Any CPU.ActiveCfg = Debug|Any CPU
		{09384894-F2A6-4183-AEA0-C3C73044C18F}.Debug|Any CPU.Build.0 = Debug|Any CPU
		{09384894-F2A6-4183-AEA0-C3C73044C18F}.Release|Any CPU.ActiveCfg = Release|Any CPU
		{09384894-F2A6-4183-AEA0-C3C73044C18F}.Release|Any CPU.Build.0 = Release|Any CPU
		{79E0AE89-9F3E-41C6-A0CE-DD2A0D3228C3}.Debug|Any CPU.ActiveCfg = Debug|Any CPU
		{79E0AE89-9F3E-41C6-A0CE-DD2A0D3228C3}.Debug|Any CPU.Build.0 = Debug|Any CPU
		{79E0AE89-9F3E-41C6-A0CE-DD2A0D3228C3}.Release|Any CPU.ActiveCfg = Release|Any CPU
		{79E0AE89-9F3E-41C6-A0CE-DD2A0D3228C3}.Release|Any CPU.Build.0 = Release|Any CPU
		{17A10CBA-8D63-45FE-AF94-181C7E7FB4AF}.Debug|Any CPU.ActiveCfg = Debug|Any CPU
		{17A10CBA-8D63-45FE-AF94-181C7E7FB4AF}.Debug|Any CPU.Build.0 = Debug|Any CPU
		{17A10CBA-8D63-45FE-AF94-181C7E7FB4AF}.Release|Any CPU.ActiveCfg = Release|Any CPU
		{17A10CBA-8D63-45FE-AF94-181C7E7FB4AF}.Release|Any CPU.Build.0 = Release|Any CPU
		{F7219D7D-61CA-4037-8B2B-5770EBCC5F1E}.Debug|Any CPU.ActiveCfg = Debug|Any CPU
		{F7219D7D-61CA-4037-8B2B-5770EBCC5F1E}.Debug|Any CPU.Build.0 = Debug|Any CPU
		{F7219D7D-61CA-4037-8B2B-5770EBCC5F1E}.Release|Any CPU.ActiveCfg = Release|Any CPU
		{F7219D7D-61CA-4037-8B2B-5770EBCC5F1E}.Release|Any CPU.Build.0 = Release|Any CPU
		{3CDC70E2-38D2-4F02-B34E-AFC039CC381B}.Debug|Any CPU.ActiveCfg = Debug|Any CPU
		{3CDC70E2-38D2-4F02-B34E-AFC039CC381B}.Debug|Any CPU.Build.0 = Debug|Any CPU
		{3CDC70E2-38D2-4F02-B34E-AFC039CC381B}.Release|Any CPU.ActiveCfg = Release|Any CPU
		{3CDC70E2-38D2-4F02-B34E-AFC039CC381B}.Release|Any CPU.Build.0 = Release|Any CPU
		{913A5C31-352A-4B41-97FA-1FE9744F9A4F}.Debug|Any CPU.ActiveCfg = Debug|Any CPU
		{913A5C31-352A-4B41-97FA-1FE9744F9A4F}.Debug|Any CPU.Build.0 = Debug|Any CPU
		{913A5C31-352A-4B41-97FA-1FE9744F9A4F}.Release|Any CPU.ActiveCfg = Release|Any CPU
		{913A5C31-352A-4B41-97FA-1FE9744F9A4F}.Release|Any CPU.Build.0 = Release|Any CPU
		{F6E5A759-3485-4E9D-909E-739C934BEF28}.Debug|Any CPU.ActiveCfg = Debug|Any CPU
		{F6E5A759-3485-4E9D-909E-739C934BEF28}.Debug|Any CPU.Build.0 = Debug|Any CPU
		{F6E5A759-3485-4E9D-909E-739C934BEF28}.Release|Any CPU.ActiveCfg = Release|Any CPU
		{F6E5A759-3485-4E9D-909E-739C934BEF28}.Release|Any CPU.Build.0 = Release|Any CPU
	EndGlobalSection
	GlobalSection(SolutionProperties) = preSolution
		HideSolutionNode = FALSE
	EndGlobalSection
	GlobalSection(NestedProjects) = preSolution
		{3F0FB6C7-463E-40AD-9389-DAFEA8AC200F} = {3EFC7A64-7559-4FA1-AA41-F2F8BB8C169F}
		{2F5878BC-FCDF-432F-802A-1330EDDFFC38} = {3EFC7A64-7559-4FA1-AA41-F2F8BB8C169F}
		{C939ACB4-CB8D-46BB-ABAB-C8A812017422} = {3EFC7A64-7559-4FA1-AA41-F2F8BB8C169F}
		{457ABF94-A21F-44F6-9E3C-958498636649} = {3EFC7A64-7559-4FA1-AA41-F2F8BB8C169F}
		{553D5D57-7F77-4BCC-81AB-B3531102BB3B} = {3EFC7A64-7559-4FA1-AA41-F2F8BB8C169F}
		{E7974F50-7DAA-4152-8FAB-7EF91C639E7E} = {3EFC7A64-7559-4FA1-AA41-F2F8BB8C169F}
		{09384894-F2A6-4183-AEA0-C3C73044C18F} = {3EFC7A64-7559-4FA1-AA41-F2F8BB8C169F}
		{79E0AE89-9F3E-41C6-A0CE-DD2A0D3228C3} = {3EFC7A64-7559-4FA1-AA41-F2F8BB8C169F}
		{17A10CBA-8D63-45FE-AF94-181C7E7FB4AF} = {3EFC7A64-7559-4FA1-AA41-F2F8BB8C169F}
		{F7219D7D-61CA-4037-8B2B-5770EBCC5F1E} = {3EFC7A64-7559-4FA1-AA41-F2F8BB8C169F}
		{3CDC70E2-38D2-4F02-B34E-AFC039CC381B} = {3EFC7A64-7559-4FA1-AA41-F2F8BB8C169F}
		{913A5C31-352A-4B41-97FA-1FE9744F9A4F} = {3EFC7A64-7559-4FA1-AA41-F2F8BB8C169F}
		{F6E5A759-3485-4E9D-909E-739C934BEF28} = {3EFC7A64-7559-4FA1-AA41-F2F8BB8C169F}
	EndGlobalSection
	GlobalSection(ExtensibilityGlobals) = postSolution
		SolutionGuid = {3A4CBC9B-CFC1-4300-81A9-13D9C0F20D44}
	EndGlobalSection
EndGlobal
